
Microsoft Visual Studio Solution File, Format Version 12.00
# Visual Studio 2013
VisualStudioVersion = 12.0.31101.0
MinimumVisualStudioVersion = 10.0.40219.1
Project("{FAE04EC0-301F-11D3-BF4B-00C04F79EFBC}") = "BaiduPCS_NET", "BaiduPCS_NET\BaiduPCS_NET.csproj", "{605B8AE1-834A-459B-9461-7BA72D0212BA}"
EndProject
Project("{8BC9CEB8-8B4A-11D0-8D11-00A0C91BC942}") = "BaiduPCS_DLL", "..\BaiduPCS\pcs\BaiduPCS_DLL.vcxproj", "{6EDC18B3-E237-4C73-9A54-58B0BEB98998}"
EndProject
Project("{2150E333-8FDC-42A3-9474-1A3956D46DE8}") = "Samples", "Samples", "{FC85E053-C4CA-4E77-B958-740118D6A0C7}"
EndProject
Project("{FAE04EC0-301F-11D3-BF4B-00C04F79EFBC}") = "Sample_0_FileExplorer", "Sample\Sample_0_FileExplorer\Sample_0_FileExplorer.csproj", "{EAC9410A-0903-431D-87ED-223BFB8653C4}"
EndProject
Global
	GlobalSection(SolutionConfigurationPlatforms) = preSolution
		Debug|Any CPU = Debug|Any CPU
		Debug|Mixed Platforms = Debug|Mixed Platforms
		Debug|Win32 = Debug|Win32
		Release|Any CPU = Release|Any CPU
		Release|Mixed Platforms = Release|Mixed Platforms
		Release|Win32 = Release|Win32
	EndGlobalSection
	GlobalSection(ProjectConfigurationPlatforms) = postSolution
		{605B8AE1-834A-459B-9461-7BA72D0212BA}.Debug|Any CPU.ActiveCfg = Debug|Any CPU
		{605B8AE1-834A-459B-9461-7BA72D0212BA}.Debug|Any CPU.Build.0 = Debug|Any CPU
		{605B8AE1-834A-459B-9461-7BA72D0212BA}.Debug|Mixed Platforms.ActiveCfg = Debug|Any CPU
		{605B8AE1-834A-459B-9461-7BA72D0212BA}.Debug|Mixed Platforms.Build.0 = Debug|Any CPU
		{605B8AE1-834A-459B-9461-7BA72D0212BA}.Debug|Win32.ActiveCfg = Debug|Any CPU
		{605B8AE1-834A-459B-9461-7BA72D0212BA}.Release|Any CPU.ActiveCfg = Release|Any CPU
		{605B8AE1-834A-459B-9461-7BA72D0212BA}.Release|Any CPU.Build.0 = Release|Any CPU
		{605B8AE1-834A-459B-9461-7BA72D0212BA}.Release|Mixed Platforms.ActiveCfg = Release|Any CPU
		{605B8AE1-834A-459B-9461-7BA72D0212BA}.Release|Mixed Platforms.Build.0 = Release|Any CPU
		{605B8AE1-834A-459B-9461-7BA72D0212BA}.Release|Win32.ActiveCfg = Release|Any CPU
		{6EDC18B3-E237-4C73-9A54-58B0BEB98998}.Debug|Any CPU.ActiveCfg = Debug|Win32
		{6EDC18B3-E237-4C73-9A54-58B0BEB98998}.Debug|Mixed Platforms.ActiveCfg = Debug|Win32
		{6EDC18B3-E237-4C73-9A54-58B0BEB98998}.Debug|Mixed Platforms.Build.0 = Debug|Win32
		{6EDC18B3-E237-4C73-9A54-58B0BEB98998}.Debug|Win32.ActiveCfg = Debug|Win32
		{6EDC18B3-E237-4C73-9A54-58B0BEB98998}.Debug|Win32.Build.0 = Debug|Win32
		{6EDC18B3-E237-4C73-9A54-58B0BEB98998}.Release|Any CPU.ActiveCfg = Release|Win32
		{6EDC18B3-E237-4C73-9A54-58B0BEB98998}.Release|Mixed Platforms.ActiveCfg = Release|Win32
		{6EDC18B3-E237-4C73-9A54-58B0BEB98998}.Release|Mixed Platforms.Build.0 = Release|Win32
		{6EDC18B3-E237-4C73-9A54-58B0BEB98998}.Release|Win32.ActiveCfg = Release|Win32
		{6EDC18B3-E237-4C73-9A54-58B0BEB98998}.Release|Win32.Build.0 = Release|Win32
		{EAC9410A-0903-431D-87ED-223BFB8653C4}.Debug|Any CPU.ActiveCfg = Debug|Any CPU
		{EAC9410A-0903-431D-87ED-223BFB8653C4}.Debug|Any CPU.Build.0 = Debug|Any CPU
		{EAC9410A-0903-431D-87ED-223BFB8653C4}.Debug|Mixed Platforms.ActiveCfg = Debug|Any CPU
		{EAC9410A-0903-431D-87ED-223BFB8653C4}.Debug|Mixed Platforms.Build.0 = Debug|Any CPU
		{EAC9410A-0903-431D-87ED-223BFB8653C4}.Debug|Win32.ActiveCfg = Debug|Any CPU
		{EAC9410A-0903-431D-87ED-223BFB8653C4}.Release|Any CPU.ActiveCfg = Release|Any CPU
		{EAC9410A-0903-431D-87ED-223BFB8653C4}.Release|Any CPU.Build.0 = Release|Any CPU
		{EAC9410A-0903-431D-87ED-223BFB8653C4}.Release|Mixed Platforms.ActiveCfg = Release|Any CPU
		{EAC9410A-0903-431D-87ED-223BFB8653C4}.Release|Mixed Platforms.Build.0 = Release|Any CPU
		{EAC9410A-0903-431D-87ED-223BFB8653C4}.Release|Win32.ActiveCfg = Release|Any CPU
	EndGlobalSection
	GlobalSection(SolutionProperties) = preSolution
		HideSolutionNode = FALSE
	EndGlobalSection
	GlobalSection(NestedProjects) = preSolution
		{EAC9410A-0903-431D-87ED-223BFB8653C4} = {FC85E053-C4CA-4E77-B958-740118D6A0C7}
	EndGlobalSection
EndGlobal
